
Microsoft Visual Studio Solution File, Format Version 12.00
# Visual Studio 14
VisualStudioVersion = 14.0.25420.1
MinimumVisualStudioVersion = 10.0.40219.1
Project("{FAE04EC0-301F-11D3-BF4B-00C04F79EFBC}") = "FaceEmojiX.Droid", "FaceEmojiX\FaceEmojiX.Droid\FaceEmojiX.Droid.csproj", "{486A9C51-DE59-44E1-B429-363C064B1C6B}"
EndProject
Project("{FAE04EC0-301F-11D3-BF4B-00C04F79EFBC}") = "FaceEmojiX.iOS", "FaceEmojiX\FaceEmojiX.iOS\FaceEmojiX.iOS.csproj", "{94666574-26DC-4B2A-A29F-26963CD42970}"
EndProject
Project("{FAE04EC0-301F-11D3-BF4B-00C04F79EFBC}") = "FaceEmojiX.WinPhone", "FaceEmojiX\FaceEmojiX.WinPhone\FaceEmojiX.WinPhone.csproj", "{D3CD6F38-9EC8-4616-8318-480192E9B5A0}"
EndProject
Project("{FAE04EC0-301F-11D3-BF4B-00C04F79EFBC}") = "FaceEmojiX.UWP", "FaceEmojiX\FaceEmojiX.UWP\FaceEmojiX.UWP.csproj", "{978CEB97-198F-4027-A7E5-5D65B4FAE4BC}"
EndProject
Project("{FAE04EC0-301F-11D3-BF4B-00C04F79EFBC}") = "FaceEmojiX.Windows", "FaceEmojiX\FaceEmojiX.Windows\FaceEmojiX.Windows.csproj", "{F5CE03B2-6F5B-4DA3-A300-AC9E0B00A92F}"
EndProject
Project("{FAE04EC0-301F-11D3-BF4B-00C04F79EFBC}") = "FaceEmojiX", "FaceEmojiX\FaceEmojiX\FaceEmojiX.csproj", "{B7C8FAEF-2B1B-4D1D-9644-26533848055E}"
EndProject
Global
	GlobalSection(SolutionConfigurationPlatforms) = preSolution
		Ad-Hoc|Any CPU = Ad-Hoc|Any CPU
		Ad-Hoc|ARM = Ad-Hoc|ARM
		Ad-Hoc|iPhone = Ad-Hoc|iPhone
		Ad-Hoc|iPhoneSimulator = Ad-Hoc|iPhoneSimulator
		Ad-Hoc|x64 = Ad-Hoc|x64
		Ad-Hoc|x86 = Ad-Hoc|x86
		AppStore|Any CPU = AppStore|Any CPU
		AppStore|ARM = AppStore|ARM
		AppStore|iPhone = AppStore|iPhone
		AppStore|iPhoneSimulator = AppStore|iPhoneSimulator
		AppStore|x64 = AppStore|x64
		AppStore|x86 = AppStore|x86
		Debug|Any CPU = Debug|Any CPU
		Debug|ARM = Debug|ARM
		Debug|iPhone = Debug|iPhone
		Debug|iPhoneSimulator = Debug|iPhoneSimulator
		Debug|x64 = Debug|x64
		Debug|x86 = Debug|x86
		Release|Any CPU = Release|Any CPU
		Release|ARM = Release|ARM
		Release|iPhone = Release|iPhone
		Release|iPhoneSimulator = Release|iPhoneSimulator
		Release|x64 = Release|x64
		Release|x86 = Release|x86
	EndGlobalSection
	GlobalSection(ProjectConfigurationPlatforms) = postSolution
		{486A9C51-DE59-44E1-B429-363C064B1C6B}.Ad-Hoc|Any CPU.ActiveCfg = Release|Any CPU
		{486A9C51-DE59-44E1-B429-363C064B1C6B}.Ad-Hoc|Any CPU.Build.0 = Release|Any CPU
		{486A9C51-DE59-44E1-B429-363C064B1C6B}.Ad-Hoc|Any CPU.Deploy.0 = Release|Any CPU
		{486A9C51-DE59-44E1-B429-363C064B1C6B}.Ad-Hoc|ARM.ActiveCfg = Release|Any CPU
		{486A9C51-DE59-44E1-B429-363C064B1C6B}.Ad-Hoc|ARM.Build.0 = Release|Any CPU
		{486A9C51-DE59-44E1-B429-363C064B1C6B}.Ad-Hoc|ARM.Deploy.0 = Release|Any CPU
		{486A9C51-DE59-44E1-B429-363C064B1C6B}.Ad-Hoc|iPhone.ActiveCfg = Release|Any CPU
		{486A9C51-DE59-44E1-B429-363C064B1C6B}.Ad-Hoc|iPhone.Build.0 = Release|Any CPU
		{486A9C51-DE59-44E1-B429-363C064B1C6B}.Ad-Hoc|iPhone.Deploy.0 = Release|Any CPU
		{486A9C51-DE59-44E1-B429-363C064B1C6B}.Ad-Hoc|iPhoneSimulator.ActiveCfg = Release|Any CPU
		{486A9C51-DE59-44E1-B429-363C064B1C6B}.Ad-Hoc|iPhoneSimulator.Build.0 = Release|Any CPU
		{486A9C51-DE59-44E1-B429-363C064B1C6B}.Ad-Hoc|iPhoneSimulator.Deploy.0 = Release|Any CPU
		{486A9C51-DE59-44E1-B429-363C064B1C6B}.Ad-Hoc|x64.ActiveCfg = Release|Any CPU
		{486A9C51-DE59-44E1-B429-363C064B1C6B}.Ad-Hoc|x64.Build.0 = Release|Any CPU
		{486A9C51-DE59-44E1-B429-363C064B1C6B}.Ad-Hoc|x64.Deploy.0 = Release|Any CPU
		{486A9C51-DE59-44E1-B429-363C064B1C6B}.Ad-Hoc|x86.ActiveCfg = Release|Any CPU
		{486A9C51-DE59-44E1-B429-363C064B1C6B}.Ad-Hoc|x86.Build.0 = Release|Any CPU
		{486A9C51-DE59-44E1-B429-363C064B1C6B}.Ad-Hoc|x86.Deploy.0 = Release|Any CPU
		{486A9C51-DE59-44E1-B429-363C064B1C6B}.AppStore|Any CPU.ActiveCfg = Release|Any CPU
		{486A9C51-DE59-44E1-B429-363C064B1C6B}.AppStore|Any CPU.Build.0 = Release|Any CPU
		{486A9C51-DE59-44E1-B429-363C064B1C6B}.AppStore|Any CPU.Deploy.0 = Release|Any CPU
		{486A9C51-DE59-44E1-B429-363C064B1C6B}.AppStore|ARM.ActiveCfg = Release|Any CPU
		{486A9C51-DE59-44E1-B429-363C064B1C6B}.AppStore|ARM.Build.0 = Release|Any CPU
		{486A9C51-DE59-44E1-B429-363C064B1C6B}.AppStore|ARM.Deploy.0 = Release|Any CPU
		{486A9C51-DE59-44E1-B429-363C064B1C6B}.AppStore|iPhone.ActiveCfg = Release|Any CPU
		{486A9C51-DE59-44E1-B429-363C064B1C6B}.AppStore|iPhone.Build.0 = Release|Any CPU
		{486A9C51-DE59-44E1-B429-363C064B1C6B}.AppStore|iPhone.Deploy.0 = Release|Any CPU
		{486A9C51-DE59-44E1-B429-363C064B1C6B}.AppStore|iPhoneSimulator.ActiveCfg = Release|Any CPU
		{486A9C51-DE59-44E1-B429-363C064B1C6B}.AppStore|iPhoneSimulator.Build.0 = Release|Any CPU
		{486A9C51-DE59-44E1-B429-363C064B1C6B}.AppStore|iPhoneSimulator.Deploy.0 = Release|Any CPU
		{486A9C51-DE59-44E1-B429-363C064B1C6B}.AppStore|x64.ActiveCfg = Release|Any CPU
		{486A9C51-DE59-44E1-B429-363C064B1C6B}.AppStore|x64.Build.0 = Release|Any CPU
		{486A9C51-DE59-44E1-B429-363C064B1C6B}.AppStore|x64.Deploy.0 = Release|Any CPU
		{486A9C51-DE59-44E1-B429-363C064B1C6B}.AppStore|x86.ActiveCfg = Release|Any CPU
		{486A9C51-DE59-44E1-B429-363C064B1C6B}.AppStore|x86.Build.0 = Release|Any CPU
		{486A9C51-DE59-44E1-B429-363C064B1C6B}.AppStore|x86.Deploy.0 = Release|Any CPU
		{486A9C51-DE59-44E1-B429-363C064B1C6B}.Debug|Any CPU.ActiveCfg = Debug|Any CPU
		{486A9C51-DE59-44E1-B429-363C064B1C6B}.Debug|Any CPU.Build.0 = Debug|Any CPU
		{486A9C51-DE59-44E1-B429-363C064B1C6B}.Debug|Any CPU.Deploy.0 = Debug|Any CPU
		{486A9C51-DE59-44E1-B429-363C064B1C6B}.Debug|ARM.ActiveCfg = Debug|Any CPU
		{486A9C51-DE59-44E1-B429-363C064B1C6B}.Debug|ARM.Build.0 = Debug|Any CPU
		{486A9C51-DE59-44E1-B429-363C064B1C6B}.Debug|ARM.Deploy.0 = Debug|Any CPU
		{486A9C51-DE59-44E1-B429-363C064B1C6B}.Debug|iPhone.ActiveCfg = Debug|Any CPU
		{486A9C51-DE59-44E1-B429-363C064B1C6B}.Debug|iPhone.Build.0 = Debug|Any CPU
		{486A9C51-DE59-44E1-B429-363C064B1C6B}.Debug|iPhone.Deploy.0 = Debug|Any CPU
		{486A9C51-DE59-44E1-B429-363C064B1C6B}.Debug|iPhoneSimulator.ActiveCfg = Debug|Any CPU
		{486A9C51-DE59-44E1-B429-363C064B1C6B}.Debug|iPhoneSimulator.Build.0 = Debug|Any CPU
		{486A9C51-DE59-44E1-B429-363C064B1C6B}.Debug|iPhoneSimulator.Deploy.0 = Debug|Any CPU
		{486A9C51-DE59-44E1-B429-363C064B1C6B}.Debug|x64.ActiveCfg = Debug|Any CPU
		{486A9C51-DE59-44E1-B429-363C064B1C6B}.Debug|x64.Build.0 = Debug|Any CPU
		{486A9C51-DE59-44E1-B429-363C064B1C6B}.Debug|x64.Deploy.0 = Debug|Any CPU
		{486A9C51-DE59-44E1-B429-363C064B1C6B}.Debug|x86.ActiveCfg = Debug|Any CPU
		{486A9C51-DE59-44E1-B429-363C064B1C6B}.Debug|x86.Build.0 = Debug|Any CPU
		{486A9C51-DE59-44E1-B429-363C064B1C6B}.Debug|x86.Deploy.0 = Debug|Any CPU
		{486A9C51-DE59-44E1-B429-363C064B1C6B}.Release|Any CPU.ActiveCfg = Release|Any CPU
		{486A9C51-DE59-44E1-B429-363C064B1C6B}.Release|Any CPU.Build.0 = Release|Any CPU
		{486A9C51-DE59-44E1-B429-363C064B1C6B}.Release|Any CPU.Deploy.0 = Release|Any CPU
		{486A9C51-DE59-44E1-B429-363C064B1C6B}.Release|ARM.ActiveCfg = Release|Any CPU
		{486A9C51-DE59-44E1-B429-363C064B1C6B}.Release|ARM.Build.0 = Release|Any CPU
		{486A9C51-DE59-44E1-B429-363C064B1C6B}.Release|ARM.Deploy.0 = Release|Any CPU
		{486A9C51-DE59-44E1-B429-363C064B1C6B}.Release|iPhone.ActiveCfg = Release|Any CPU
		{486A9C51-DE59-44E1-B429-363C064B1C6B}.Release|iPhone.Build.0 = Release|Any CPU
		{486A9C51-DE59-44E1-B429-363C064B1C6B}.Release|iPhone.Deploy.0 = Release|Any CPU
		{486A9C51-DE59-44E1-B429-363C064B1C6B}.Release|iPhoneSimulator.ActiveCfg = Release|Any CPU
		{486A9C51-DE59-44E1-B429-363C064B1C6B}.Release|iPhoneSimulator.Build.0 = Release|Any CPU
		{486A9C51-DE59-44E1-B429-363C064B1C6B}.Release|iPhoneSimulator.Deploy.0 = Release|Any CPU
		{486A9C51-DE59-44E1-B429-363C064B1C6B}.Release|x64.ActiveCfg = Release|Any CPU
		{486A9C51-DE59-44E1-B429-363C064B1C6B}.Release|x64.Build.0 = Release|Any CPU
		{486A9C51-DE59-44E1-B429-363C064B1C6B}.Release|x64.Deploy.0 = Release|Any CPU
		{486A9C51-DE59-44E1-B429-363C064B1C6B}.Release|x86.ActiveCfg = Release|Any CPU
		{486A9C51-DE59-44E1-B429-363C064B1C6B}.Release|x86.Build.0 = Release|Any CPU
		{486A9C51-DE59-44E1-B429-363C064B1C6B}.Release|x86.Deploy.0 = Release|Any CPU
		{94666574-26DC-4B2A-A29F-26963CD42970}.Ad-Hoc|Any CPU.ActiveCfg = Ad-Hoc|iPhone
		{94666574-26DC-4B2A-A29F-26963CD42970}.Ad-Hoc|ARM.ActiveCfg = Ad-Hoc|iPhone
		{94666574-26DC-4B2A-A29F-26963CD42970}.Ad-Hoc|iPhone.ActiveCfg = Ad-Hoc|iPhone
		{94666574-26DC-4B2A-A29F-26963CD42970}.Ad-Hoc|iPhone.Build.0 = Ad-Hoc|iPhone
		{94666574-26DC-4B2A-A29F-26963CD42970}.Ad-Hoc|iPhoneSimulator.ActiveCfg = Ad-Hoc|iPhoneSimulator
		{94666574-26DC-4B2A-A29F-26963CD42970}.Ad-Hoc|iPhoneSimulator.Build.0 = Ad-Hoc|iPhoneSimulator
		{94666574-26DC-4B2A-A29F-26963CD42970}.Ad-Hoc|x64.ActiveCfg = Ad-Hoc|iPhone
		{94666574-26DC-4B2A-A29F-26963CD42970}.Ad-Hoc|x86.ActiveCfg = Ad-Hoc|iPhone
		{94666574-26DC-4B2A-A29F-26963CD42970}.AppStore|Any CPU.ActiveCfg = AppStore|iPhone
		{94666574-26DC-4B2A-A29F-26963CD42970}.AppStore|ARM.ActiveCfg = AppStore|iPhone
		{94666574-26DC-4B2A-A29F-26963CD42970}.AppStore|iPhone.ActiveCfg = AppStore|iPhone
		{94666574-26DC-4B2A-A29F-26963CD42970}.AppStore|iPhone.Build.0 = AppStore|iPhone
		{94666574-26DC-4B2A-A29F-26963CD42970}.AppStore|iPhoneSimulator.ActiveCfg = AppStore|iPhoneSimulator
		{94666574-26DC-4B2A-A29F-26963CD42970}.AppStore|iPhoneSimulator.Build.0 = AppStore|iPhoneSimulator
		{94666574-26DC-4B2A-A29F-26963CD42970}.AppStore|x64.ActiveCfg = AppStore|iPhone
		{94666574-26DC-4B2A-A29F-26963CD42970}.AppStore|x86.ActiveCfg = AppStore|iPhone
		{94666574-26DC-4B2A-A29F-26963CD42970}.Debug|Any CPU.ActiveCfg = Debug|iPhone
		{94666574-26DC-4B2A-A29F-26963CD42970}.Debug|ARM.ActiveCfg = Debug|iPhone
		{94666574-26DC-4B2A-A29F-26963CD42970}.Debug|iPhone.ActiveCfg = Debug|iPhone
		{94666574-26DC-4B2A-A29F-26963CD42970}.Debug|iPhone.Build.0 = Debug|iPhone
		{94666574-26DC-4B2A-A29F-26963CD42970}.Debug|iPhoneSimulator.ActiveCfg = Debug|iPhoneSimulator
		{94666574-26DC-4B2A-A29F-26963CD42970}.Debug|iPhoneSimulator.Build.0 = Debug|iPhoneSimulator
		{94666574-26DC-4B2A-A29F-26963CD42970}.Debug|x64.ActiveCfg = Debug|iPhone
		{94666574-26DC-4B2A-A29F-26963CD42970}.Debug|x86.ActiveCfg = Debug|iPhone
		{94666574-26DC-4B2A-A29F-26963CD42970}.Release|Any CPU.ActiveCfg = Release|iPhone
		{94666574-26DC-4B2A-A29F-26963CD42970}.Release|ARM.ActiveCfg = Release|iPhone
		{94666574-26DC-4B2A-A29F-26963CD42970}.Release|iPhone.ActiveCfg = Release|iPhone
		{94666574-26DC-4B2A-A29F-26963CD42970}.Release|iPhone.Build.0 = Release|iPhone
		{94666574-26DC-4B2A-A29F-26963CD42970}.Release|iPhoneSimulator.ActiveCfg = Release|iPhoneSimulator
		{94666574-26DC-4B2A-A29F-26963CD42970}.Release|iPhoneSimulator.Build.0 = Release|iPhoneSimulator
		{94666574-26DC-4B2A-A29F-26963CD42970}.Release|x64.ActiveCfg = Release|iPhone
		{94666574-26DC-4B2A-A29F-26963CD42970}.Release|x86.ActiveCfg = Release|iPhone
		{D3CD6F38-9EC8-4616-8318-480192E9B5A0}.Ad-Hoc|Any CPU.ActiveCfg = Release|Any CPU
		{D3CD6F38-9EC8-4616-8318-480192E9B5A0}.Ad-Hoc|Any CPU.Build.0 = Release|Any CPU
		{D3CD6F38-9EC8-4616-8318-480192E9B5A0}.Ad-Hoc|Any CPU.Deploy.0 = Release|Any CPU
		{D3CD6F38-9EC8-4616-8318-480192E9B5A0}.Ad-Hoc|ARM.ActiveCfg = Release|ARM
		{D3CD6F38-9EC8-4616-8318-480192E9B5A0}.Ad-Hoc|ARM.Build.0 = Release|ARM
		{D3CD6F38-9EC8-4616-8318-480192E9B5A0}.Ad-Hoc|ARM.Deploy.0 = Release|ARM
		{D3CD6F38-9EC8-4616-8318-480192E9B5A0}.Ad-Hoc|iPhone.ActiveCfg = Release|Any CPU
		{D3CD6F38-9EC8-4616-8318-480192E9B5A0}.Ad-Hoc|iPhone.Build.0 = Release|Any CPU
		{D3CD6F38-9EC8-4616-8318-480192E9B5A0}.Ad-Hoc|iPhone.Deploy.0 = Release|Any CPU
		{D3CD6F38-9EC8-4616-8318-480192E9B5A0}.Ad-Hoc|iPhoneSimulator.ActiveCfg = Release|Any CPU
		{D3CD6F38-9EC8-4616-8318-480192E9B5A0}.Ad-Hoc|iPhoneSimulator.Build.0 = Release|Any CPU
		{D3CD6F38-9EC8-4616-8318-480192E9B5A0}.Ad-Hoc|iPhoneSimulator.Deploy.0 = Release|Any CPU
		{D3CD6F38-9EC8-4616-8318-480192E9B5A0}.Ad-Hoc|x64.ActiveCfg = Release|Any CPU
		{D3CD6F38-9EC8-4616-8318-480192E9B5A0}.Ad-Hoc|x64.Build.0 = Release|Any CPU
		{D3CD6F38-9EC8-4616-8318-480192E9B5A0}.Ad-Hoc|x64.Deploy.0 = Release|Any CPU
		{D3CD6F38-9EC8-4616-8318-480192E9B5A0}.Ad-Hoc|x86.ActiveCfg = Release|x86
		{D3CD6F38-9EC8-4616-8318-480192E9B5A0}.Ad-Hoc|x86.Build.0 = Release|x86
		{D3CD6F38-9EC8-4616-8318-480192E9B5A0}.Ad-Hoc|x86.Deploy.0 = Release|x86
		{D3CD6F38-9EC8-4616-8318-480192E9B5A0}.AppStore|Any CPU.ActiveCfg = Release|Any CPU
		{D3CD6F38-9EC8-4616-8318-480192E9B5A0}.AppStore|Any CPU.Build.0 = Release|Any CPU
		{D3CD6F38-9EC8-4616-8318-480192E9B5A0}.AppStore|Any CPU.Deploy.0 = Release|Any CPU
		{D3CD6F38-9EC8-4616-8318-480192E9B5A0}.AppStore|ARM.ActiveCfg = Release|ARM
		{D3CD6F38-9EC8-4616-8318-480192E9B5A0}.AppStore|ARM.Build.0 = Release|ARM
		{D3CD6F38-9EC8-4616-8318-480192E9B5A0}.AppStore|ARM.Deploy.0 = Release|ARM
		{D3CD6F38-9EC8-4616-8318-480192E9B5A0}.AppStore|iPhone.ActiveCfg = Release|Any CPU
		{D3CD6F38-9EC8-4616-8318-480192E9B5A0}.AppStore|iPhone.Build.0 = Release|Any CPU
		{D3CD6F38-9EC8-4616-8318-480192E9B5A0}.AppStore|iPhone.Deploy.0 = Release|Any CPU
		{D3CD6F38-9EC8-4616-8318-480192E9B5A0}.AppStore|iPhoneSimulator.ActiveCfg = Release|Any CPU
		{D3CD6F38-9EC8-4616-8318-480192E9B5A0}.AppStore|iPhoneSimulator.Build.0 = Release|Any CPU
		{D3CD6F38-9EC8-4616-8318-480192E9B5A0}.AppStore|iPhoneSimulator.Deploy.0 = Release|Any CPU
		{D3CD6F38-9EC8-4616-8318-480192E9B5A0}.AppStore|x64.ActiveCfg = Release|Any CPU
		{D3CD6F38-9EC8-4616-8318-480192E9B5A0}.AppStore|x64.Build.0 = Release|Any CPU
		{D3CD6F38-9EC8-4616-8318-480192E9B5A0}.AppStore|x64.Deploy.0 = Release|Any CPU
		{D3CD6F38-9EC8-4616-8318-480192E9B5A0}.AppStore|x86.ActiveCfg = Release|x86
		{D3CD6F38-9EC8-4616-8318-480192E9B5A0}.AppStore|x86.Build.0 = Release|x86
		{D3CD6F38-9EC8-4616-8318-480192E9B5A0}.AppStore|x86.Deploy.0 = Release|x86
		{D3CD6F38-9EC8-4616-8318-480192E9B5A0}.Debug|Any CPU.ActiveCfg = Debug|Any CPU
		{D3CD6F38-9EC8-4616-8318-480192E9B5A0}.Debug|Any CPU.Build.0 = Debug|Any CPU
		{D3CD6F38-9EC8-4616-8318-480192E9B5A0}.Debug|Any CPU.Deploy.0 = Debug|Any CPU
		{D3CD6F38-9EC8-4616-8318-480192E9B5A0}.Debug|ARM.ActiveCfg = Debug|ARM
		{D3CD6F38-9EC8-4616-8318-480192E9B5A0}.Debug|ARM.Build.0 = Debug|ARM
		{D3CD6F38-9EC8-4616-8318-480192E9B5A0}.Debug|ARM.Deploy.0 = Debug|ARM
		{D3CD6F38-9EC8-4616-8318-480192E9B5A0}.Debug|iPhone.ActiveCfg = Debug|Any CPU
		{D3CD6F38-9EC8-4616-8318-480192E9B5A0}.Debug|iPhone.Build.0 = Debug|Any CPU
		{D3CD6F38-9EC8-4616-8318-480192E9B5A0}.Debug|iPhone.Deploy.0 = Debug|Any CPU
		{D3CD6F38-9EC8-4616-8318-480192E9B5A0}.Debug|iPhoneSimulator.ActiveCfg = Debug|Any CPU
		{D3CD6F38-9EC8-4616-8318-480192E9B5A0}.Debug|iPhoneSimulator.Build.0 = Debug|Any CPU
		{D3CD6F38-9EC8-4616-8318-480192E9B5A0}.Debug|iPhoneSimulator.Deploy.0 = Debug|Any CPU
		{D3CD6F38-9EC8-4616-8318-480192E9B5A0}.Debug|x64.ActiveCfg = Debug|Any CPU
		{D3CD6F38-9EC8-4616-8318-480192E9B5A0}.Debug|x64.Build.0 = Debug|Any CPU
		{D3CD6F38-9EC8-4616-8318-480192E9B5A0}.Debug|x64.Deploy.0 = Debug|Any CPU
		{D3CD6F38-9EC8-4616-8318-480192E9B5A0}.Debug|x86.ActiveCfg = Debug|x86
		{D3CD6F38-9EC8-4616-8318-480192E9B5A0}.Debug|x86.Build.0 = Debug|x86
		{D3CD6F38-9EC8-4616-8318-480192E9B5A0}.Debug|x86.Deploy.0 = Debug|x86
		{D3CD6F38-9EC8-4616-8318-480192E9B5A0}.Release|Any CPU.ActiveCfg = Release|Any CPU
		{D3CD6F38-9EC8-4616-8318-480192E9B5A0}.Release|Any CPU.Build.0 = Release|Any CPU
		{D3CD6F38-9EC8-4616-8318-480192E9B5A0}.Release|Any CPU.Deploy.0 = Release|Any CPU
		{D3CD6F38-9EC8-4616-8318-480192E9B5A0}.Release|ARM.ActiveCfg = Release|ARM
		{D3CD6F38-9EC8-4616-8318-480192E9B5A0}.Release|ARM.Build.0 = Release|ARM
		{D3CD6F38-9EC8-4616-8318-480192E9B5A0}.Release|ARM.Deploy.0 = Release|ARM
		{D3CD6F38-9EC8-4616-8318-480192E9B5A0}.Release|iPhone.ActiveCfg = Release|Any CPU
		{D3CD6F38-9EC8-4616-8318-480192E9B5A0}.Release|iPhone.Build.0 = Release|Any CPU
		{D3CD6F38-9EC8-4616-8318-480192E9B5A0}.Release|iPhone.Deploy.0 = Release|Any CPU
		{D3CD6F38-9EC8-4616-8318-480192E9B5A0}.Release|iPhoneSimulator.ActiveCfg = Release|Any CPU
		{D3CD6F38-9EC8-4616-8318-480192E9B5A0}.Release|iPhoneSimulator.Build.0 = Release|Any CPU
		{D3CD6F38-9EC8-4616-8318-480192E9B5A0}.Release|iPhoneSimulator.Deploy.0 = Release|Any CPU
		{D3CD6F38-9EC8-4616-8318-480192E9B5A0}.Release|x64.ActiveCfg = Release|Any CPU
		{D3CD6F38-9EC8-4616-8318-480192E9B5A0}.Release|x64.Build.0 = Release|Any CPU
		{D3CD6F38-9EC8-4616-8318-480192E9B5A0}.Release|x64.Deploy.0 = Release|Any CPU
		{D3CD6F38-9EC8-4616-8318-480192E9B5A0}.Release|x86.ActiveCfg = Release|x86
		{D3CD6F38-9EC8-4616-8318-480192E9B5A0}.Release|x86.Build.0 = Release|x86
		{D3CD6F38-9EC8-4616-8318-480192E9B5A0}.Release|x86.Deploy.0 = Release|x86
		{978CEB97-198F-4027-A7E5-5D65B4FAE4BC}.Ad-Hoc|Any CPU.ActiveCfg = Release|x86
		{978CEB97-198F-4027-A7E5-5D65B4FAE4BC}.Ad-Hoc|Any CPU.Build.0 = Release|x86
		{978CEB97-198F-4027-A7E5-5D65B4FAE4BC}.Ad-Hoc|Any CPU.Deploy.0 = Release|x86
		{978CEB97-198F-4027-A7E5-5D65B4FAE4BC}.Ad-Hoc|ARM.ActiveCfg = Release|ARM
		{978CEB97-198F-4027-A7E5-5D65B4FAE4BC}.Ad-Hoc|ARM.Build.0 = Release|ARM
		{978CEB97-198F-4027-A7E5-5D65B4FAE4BC}.Ad-Hoc|ARM.Deploy.0 = Release|ARM
		{978CEB97-198F-4027-A7E5-5D65B4FAE4BC}.Ad-Hoc|iPhone.ActiveCfg = Release|x86
		{978CEB97-198F-4027-A7E5-5D65B4FAE4BC}.Ad-Hoc|iPhone.Build.0 = Release|x86
		{978CEB97-198F-4027-A7E5-5D65B4FAE4BC}.Ad-Hoc|iPhone.Deploy.0 = Release|x86
		{978CEB97-198F-4027-A7E5-5D65B4FAE4BC}.Ad-Hoc|iPhoneSimulator.ActiveCfg = Release|x86
		{978CEB97-198F-4027-A7E5-5D65B4FAE4BC}.Ad-Hoc|iPhoneSimulator.Build.0 = Release|x86
		{978CEB97-198F-4027-A7E5-5D65B4FAE4BC}.Ad-Hoc|iPhoneSimulator.Deploy.0 = Release|x86
		{978CEB97-198F-4027-A7E5-5D65B4FAE4BC}.Ad-Hoc|x64.ActiveCfg = Release|x64
		{978CEB97-198F-4027-A7E5-5D65B4FAE4BC}.Ad-Hoc|x64.Build.0 = Release|x64
		{978CEB97-198F-4027-A7E5-5D65B4FAE4BC}.Ad-Hoc|x64.Deploy.0 = Release|x64
		{978CEB97-198F-4027-A7E5-5D65B4FAE4BC}.Ad-Hoc|x86.ActiveCfg = Release|x86
		{978CEB97-198F-4027-A7E5-5D65B4FAE4BC}.Ad-Hoc|x86.Build.0 = Release|x86
		{978CEB97-198F-4027-A7E5-5D65B4FAE4BC}.Ad-Hoc|x86.Deploy.0 = Release|x86
		{978CEB97-198F-4027-A7E5-5D65B4FAE4BC}.AppStore|Any CPU.ActiveCfg = Release|x86
		{978CEB97-198F-4027-A7E5-5D65B4FAE4BC}.AppStore|Any CPU.Build.0 = Release|x86
		{978CEB97-198F-4027-A7E5-5D65B4FAE4BC}.AppStore|Any CPU.Deploy.0 = Release|x86
		{978CEB97-198F-4027-A7E5-5D65B4FAE4BC}.AppStore|ARM.ActiveCfg = Release|ARM
		{978CEB97-198F-4027-A7E5-5D65B4FAE4BC}.AppStore|ARM.Build.0 = Release|ARM
		{978CEB97-198F-4027-A7E5-5D65B4FAE4BC}.AppStore|ARM.Deploy.0 = Release|ARM
		{978CEB97-198F-4027-A7E5-5D65B4FAE4BC}.AppStore|iPhone.ActiveCfg = Release|x86
		{978CEB97-198F-4027-A7E5-5D65B4FAE4BC}.AppStore|iPhone.Build.0 = Release|x86
		{978CEB97-198F-4027-A7E5-5D65B4FAE4BC}.AppStore|iPhone.Deploy.0 = Release|x86
		{978CEB97-198F-4027-A7E5-5D65B4FAE4BC}.AppStore|iPhoneSimulator.ActiveCfg = Release|x86
		{978CEB97-198F-4027-A7E5-5D65B4FAE4BC}.AppStore|iPhoneSimulator.Build.0 = Release|x86
		{978CEB97-198F-4027-A7E5-5D65B4FAE4BC}.AppStore|iPhoneSimulator.Deploy.0 = Release|x86
		{978CEB97-198F-4027-A7E5-5D65B4FAE4BC}.AppStore|x64.ActiveCfg = Release|x64
		{978CEB97-198F-4027-A7E5-5D65B4FAE4BC}.AppStore|x64.Build.0 = Release|x64
		{978CEB97-198F-4027-A7E5-5D65B4FAE4BC}.AppStore|x64.Deploy.0 = Release|x64
		{978CEB97-198F-4027-A7E5-5D65B4FAE4BC}.AppStore|x86.ActiveCfg = Release|x86
		{978CEB97-198F-4027-A7E5-5D65B4FAE4BC}.AppStore|x86.Build.0 = Release|x86
		{978CEB97-198F-4027-A7E5-5D65B4FAE4BC}.AppStore|x86.Deploy.0 = Release|x86
		{978CEB97-198F-4027-A7E5-5D65B4FAE4BC}.Debug|Any CPU.ActiveCfg = Debug|x86
		{978CEB97-198F-4027-A7E5-5D65B4FAE4BC}.Debug|ARM.ActiveCfg = Debug|ARM
		{978CEB97-198F-4027-A7E5-5D65B4FAE4BC}.Debug|ARM.Build.0 = Debug|ARM
		{978CEB97-198F-4027-A7E5-5D65B4FAE4BC}.Debug|ARM.Deploy.0 = Debug|ARM
		{978CEB97-198F-4027-A7E5-5D65B4FAE4BC}.Debug|iPhone.ActiveCfg = Debug|x86
		{978CEB97-198F-4027-A7E5-5D65B4FAE4BC}.Debug|iPhoneSimulator.ActiveCfg = Debug|x86
		{978CEB97-198F-4027-A7E5-5D65B4FAE4BC}.Debug|x64.ActiveCfg = Debug|x64
		{978CEB97-198F-4027-A7E5-5D65B4FAE4BC}.Debug|x64.Build.0 = Debug|x64
		{978CEB97-198F-4027-A7E5-5D65B4FAE4BC}.Debug|x64.Deploy.0 = Debug|x64
		{978CEB97-198F-4027-A7E5-5D65B4FAE4BC}.Debug|x86.ActiveCfg = Debug|x86
		{978CEB97-198F-4027-A7E5-5D65B4FAE4BC}.Debug|x86.Build.0 = Debug|x86
		{978CEB97-198F-4027-A7E5-5D65B4FAE4BC}.Debug|x86.Deploy.0 = Debug|x86
		{978CEB97-198F-4027-A7E5-5D65B4FAE4BC}.Release|Any CPU.ActiveCfg = Release|x86
		{978CEB97-198F-4027-A7E5-5D65B4FAE4BC}.Release|ARM.ActiveCfg = Release|ARM
		{978CEB97-198F-4027-A7E5-5D65B4FAE4BC}.Release|ARM.Build.0 = Release|ARM
		{978CEB97-198F-4027-A7E5-5D65B4FAE4BC}.Release|ARM.Deploy.0 = Release|ARM
		{978CEB97-198F-4027-A7E5-5D65B4FAE4BC}.Release|iPhone.ActiveCfg = Release|x86
		{978CEB97-198F-4027-A7E5-5D65B4FAE4BC}.Release|iPhoneSimulator.ActiveCfg = Release|x86
		{978CEB97-198F-4027-A7E5-5D65B4FAE4BC}.Release|x64.ActiveCfg = Release|x64
		{978CEB97-198F-4027-A7E5-5D65B4FAE4BC}.Release|x64.Build.0 = Release|x64
		{978CEB97-198F-4027-A7E5-5D65B4FAE4BC}.Release|x64.Deploy.0 = Release|x64
		{978CEB97-198F-4027-A7E5-5D65B4FAE4BC}.Release|x86.ActiveCfg = Release|x86
		{978CEB97-198F-4027-A7E5-5D65B4FAE4BC}.Release|x86.Build.0 = Release|x86
		{978CEB97-198F-4027-A7E5-5D65B4FAE4BC}.Release|x86.Deploy.0 = Release|x86
		{F5CE03B2-6F5B-4DA3-A300-AC9E0B00A92F}.Ad-Hoc|Any CPU.ActiveCfg = Release|Any CPU
		{F5CE03B2-6F5B-4DA3-A300-AC9E0B00A92F}.Ad-Hoc|Any CPU.Build.0 = Release|Any CPU
		{F5CE03B2-6F5B-4DA3-A300-AC9E0B00A92F}.Ad-Hoc|Any CPU.Deploy.0 = Release|Any CPU
		{F5CE03B2-6F5B-4DA3-A300-AC9E0B00A92F}.Ad-Hoc|ARM.ActiveCfg = Release|ARM
		{F5CE03B2-6F5B-4DA3-A300-AC9E0B00A92F}.Ad-Hoc|ARM.Build.0 = Release|ARM
		{F5CE03B2-6F5B-4DA3-A300-AC9E0B00A92F}.Ad-Hoc|ARM.Deploy.0 = Release|ARM
		{F5CE03B2-6F5B-4DA3-A300-AC9E0B00A92F}.Ad-Hoc|iPhone.ActiveCfg = Release|Any CPU
		{F5CE03B2-6F5B-4DA3-A300-AC9E0B00A92F}.Ad-Hoc|iPhone.Build.0 = Release|Any CPU
		{F5CE03B2-6F5B-4DA3-A300-AC9E0B00A92F}.Ad-Hoc|iPhone.Deploy.0 = Release|Any CPU
		{F5CE03B2-6F5B-4DA3-A300-AC9E0B00A92F}.Ad-Hoc|iPhoneSimulator.ActiveCfg = Release|Any CPU
		{F5CE03B2-6F5B-4DA3-A300-AC9E0B00A92F}.Ad-Hoc|iPhoneSimulator.Build.0 = Release|Any CPU
		{F5CE03B2-6F5B-4DA3-A300-AC9E0B00A92F}.Ad-Hoc|iPhoneSimulator.Deploy.0 = Release|Any CPU
		{F5CE03B2-6F5B-4DA3-A300-AC9E0B00A92F}.Ad-Hoc|x64.ActiveCfg = Release|x64
		{F5CE03B2-6F5B-4DA3-A300-AC9E0B00A92F}.Ad-Hoc|x64.Build.0 = Release|x64
		{F5CE03B2-6F5B-4DA3-A300-AC9E0B00A92F}.Ad-Hoc|x64.Deploy.0 = Release|x64
		{F5CE03B2-6F5B-4DA3-A300-AC9E0B00A92F}.Ad-Hoc|x86.ActiveCfg = Release|x86
		{F5CE03B2-6F5B-4DA3-A300-AC9E0B00A92F}.Ad-Hoc|x86.Build.0 = Release|x86
		{F5CE03B2-6F5B-4DA3-A300-AC9E0B00A92F}.Ad-Hoc|x86.Deploy.0 = Release|x86
		{F5CE03B2-6F5B-4DA3-A300-AC9E0B00A92F}.AppStore|Any CPU.ActiveCfg = Release|Any CPU
		{F5CE03B2-6F5B-4DA3-A300-AC9E0B00A92F}.AppStore|Any CPU.Build.0 = Release|Any CPU
		{F5CE03B2-6F5B-4DA3-A300-AC9E0B00A92F}.AppStore|Any CPU.Deploy.0 = Release|Any CPU
		{F5CE03B2-6F5B-4DA3-A300-AC9E0B00A92F}.AppStore|ARM.ActiveCfg = Release|ARM
		{F5CE03B2-6F5B-4DA3-A300-AC9E0B00A92F}.AppStore|ARM.Build.0 = Release|ARM
		{F5CE03B2-6F5B-4DA3-A300-AC9E0B00A92F}.AppStore|ARM.Deploy.0 = Release|ARM
		{F5CE03B2-6F5B-4DA3-A300-AC9E0B00A92F}.AppStore|iPhone.ActiveCfg = Release|Any CPU
		{F5CE03B2-6F5B-4DA3-A300-AC9E0B00A92F}.AppStore|iPhone.Build.0 = Release|Any CPU
		{F5CE03B2-6F5B-4DA3-A300-AC9E0B00A92F}.AppStore|iPhone.Deploy.0 = Release|Any CPU
		{F5CE03B2-6F5B-4DA3-A300-AC9E0B00A92F}.AppStore|iPhoneSimulator.ActiveCfg = Release|Any CPU
		{F5CE03B2-6F5B-4DA3-A300-AC9E0B00A92F}.AppStore|iPhoneSimulator.Build.0 = Release|Any CPU
		{F5CE03B2-6F5B-4DA3-A300-AC9E0B00A92F}.AppStore|iPhoneSimulator.Deploy.0 = Release|Any CPU
		{F5CE03B2-6F5B-4DA3-A300-AC9E0B00A92F}.AppStore|x64.ActiveCfg = Release|x64
		{F5CE03B2-6F5B-4DA3-A300-AC9E0B00A92F}.AppStore|x64.Build.0 = Release|x64
		{F5CE03B2-6F5B-4DA3-A300-AC9E0B00A92F}.AppStore|x64.Deploy.0 = Release|x64
		{F5CE03B2-6F5B-4DA3-A300-AC9E0B00A92F}.AppStore|x86.ActiveCfg = Release|x86
		{F5CE03B2-6F5B-4DA3-A300-AC9E0B00A92F}.AppStore|x86.Build.0 = Release|x86
		{F5CE03B2-6F5B-4DA3-A300-AC9E0B00A92F}.AppStore|x86.Deploy.0 = Release|x86
		{F5CE03B2-6F5B-4DA3-A300-AC9E0B00A92F}.Debug|Any CPU.ActiveCfg = Debug|Any CPU
		{F5CE03B2-6F5B-4DA3-A300-AC9E0B00A92F}.Debug|Any CPU.Build.0 = Debug|Any CPU
		{F5CE03B2-6F5B-4DA3-A300-AC9E0B00A92F}.Debug|Any CPU.Deploy.0 = Debug|Any CPU
		{F5CE03B2-6F5B-4DA3-A300-AC9E0B00A92F}.Debug|ARM.ActiveCfg = Debug|ARM
		{F5CE03B2-6F5B-4DA3-A300-AC9E0B00A92F}.Debug|ARM.Build.0 = Debug|ARM
		{F5CE03B2-6F5B-4DA3-A300-AC9E0B00A92F}.Debug|ARM.Deploy.0 = Debug|ARM
		{F5CE03B2-6F5B-4DA3-A300-AC9E0B00A92F}.Debug|iPhone.ActiveCfg = Debug|Any CPU
		{F5CE03B2-6F5B-4DA3-A300-AC9E0B00A92F}.Debug|iPhone.Build.0 = Debug|Any CPU
		{F5CE03B2-6F5B-4DA3-A300-AC9E0B00A92F}.Debug|iPhone.Deploy.0 = Debug|Any CPU
		{F5CE03B2-6F5B-4DA3-A300-AC9E0B00A92F}.Debug|iPhoneSimulator.ActiveCfg = Debug|Any CPU
		{F5CE03B2-6F5B-4DA3-A300-AC9E0B00A92F}.Debug|iPhoneSimulator.Build.0 = Debug|Any CPU
		{F5CE03B2-6F5B-4DA3-A300-AC9E0B00A92F}.Debug|iPhoneSimulator.Deploy.0 = Debug|Any CPU
		{F5CE03B2-6F5B-4DA3-A300-AC9E0B00A92F}.Debug|x64.ActiveCfg = Debug|x64
		{F5CE03B2-6F5B-4DA3-A300-AC9E0B00A92F}.Debug|x64.Build.0 = Debug|x64
		{F5CE03B2-6F5B-4DA3-A300-AC9E0B00A92F}.Debug|x64.Deploy.0 = Debug|x64
		{F5CE03B2-6F5B-4DA3-A300-AC9E0B00A92F}.Debug|x86.ActiveCfg = Debug|x86
		{F5CE03B2-6F5B-4DA3-A300-AC9E0B00A92F}.Debug|x86.Build.0 = Debug|x86
		{F5CE03B2-6F5B-4DA3-A300-AC9E0B00A92F}.Debug|x86.Deploy.0 = Debug|x86
		{F5CE03B2-6F5B-4DA3-A300-AC9E0B00A92F}.Release|Any CPU.ActiveCfg = Release|Any CPU
		{F5CE03B2-6F5B-4DA3-A300-AC9E0B00A92F}.Release|Any CPU.Build.0 = Release|Any CPU
		{F5CE03B2-6F5B-4DA3-A300-AC9E0B00A92F}.Release|Any CPU.Deploy.0 = Release|Any CPU
		{F5CE03B2-6F5B-4DA3-A300-AC9E0B00A92F}.Release|ARM.ActiveCfg = Release|ARM
		{F5CE03B2-6F5B-4DA3-A300-AC9E0B00A92F}.Release|ARM.Build.0 = Release|ARM
		{F5CE03B2-6F5B-4DA3-A300-AC9E0B00A92F}.Release|ARM.Deploy.0 = Release|ARM
		{F5CE03B2-6F5B-4DA3-A300-AC9E0B00A92F}.Release|iPhone.ActiveCfg = Release|Any CPU
		{F5CE03B2-6F5B-4DA3-A300-AC9E0B00A92F}.Release|iPhone.Build.0 = Release|Any CPU
		{F5CE03B2-6F5B-4DA3-A300-AC9E0B00A92F}.Release|iPhone.Deploy.0 = Release|Any CPU
		{F5CE03B2-6F5B-4DA3-A300-AC9E0B00A92F}.Release|iPhoneSimulator.ActiveCfg = Release|Any CPU
		{F5CE03B2-6F5B-4DA3-A300-AC9E0B00A92F}.Release|iPhoneSimulator.Build.0 = Release|Any CPU
		{F5CE03B2-6F5B-4DA3-A300-AC9E0B00A92F}.Release|iPhoneSimulator.Deploy.0 = Release|Any CPU
		{F5CE03B2-6F5B-4DA3-A300-AC9E0B00A92F}.Release|x64.ActiveCfg = Release|x64
		{F5CE03B2-6F5B-4DA3-A300-AC9E0B00A92F}.Release|x64.Build.0 = Release|x64
		{F5CE03B2-6F5B-4DA3-A300-AC9E0B00A92F}.Release|x64.Deploy.0 = Release|x64
		{F5CE03B2-6F5B-4DA3-A300-AC9E0B00A92F}.Release|x86.ActiveCfg = Release|x86
		{F5CE03B2-6F5B-4DA3-A300-AC9E0B00A92F}.Release|x86.Build.0 = Release|x86
		{F5CE03B2-6F5B-4DA3-A300-AC9E0B00A92F}.Release|x86.Deploy.0 = Release|x86
		{B7C8FAEF-2B1B-4D1D-9644-26533848055E}.Ad-Hoc|Any CPU.ActiveCfg = Release|Any CPU
		{B7C8FAEF-2B1B-4D1D-9644-26533848055E}.Ad-Hoc|Any CPU.Build.0 = Release|Any CPU
		{B7C8FAEF-2B1B-4D1D-9644-26533848055E}.Ad-Hoc|ARM.ActiveCfg = Release|Any CPU
		{B7C8FAEF-2B1B-4D1D-9644-26533848055E}.Ad-Hoc|ARM.Build.0 = Release|Any CPU
		{B7C8FAEF-2B1B-4D1D-9644-26533848055E}.Ad-Hoc|iPhone.ActiveCfg = Release|Any CPU
		{B7C8FAEF-2B1B-4D1D-9644-26533848055E}.Ad-Hoc|iPhone.Build.0 = Release|Any CPU
		{B7C8FAEF-2B1B-4D1D-9644-26533848055E}.Ad-Hoc|iPhoneSimulator.ActiveCfg = Release|Any CPU
		{B7C8FAEF-2B1B-4D1D-9644-26533848055E}.Ad-Hoc|iPhoneSimulator.Build.0 = Release|Any CPU
		{B7C8FAEF-2B1B-4D1D-9644-26533848055E}.Ad-Hoc|x64.ActiveCfg = Release|Any CPU
		{B7C8FAEF-2B1B-4D1D-9644-26533848055E}.Ad-Hoc|x64.Build.0 = Release|Any CPU
		{B7C8FAEF-2B1B-4D1D-9644-26533848055E}.Ad-Hoc|x86.ActiveCfg = Release|Any CPU
		{B7C8FAEF-2B1B-4D1D-9644-26533848055E}.Ad-Hoc|x86.Build.0 = Release|Any CPU
		{B7C8FAEF-2B1B-4D1D-9644-26533848055E}.AppStore|Any CPU.ActiveCfg = Release|Any CPU
		{B7C8FAEF-2B1B-4D1D-9644-26533848055E}.AppStore|Any CPU.Build.0 = Release|Any CPU
		{B7C8FAEF-2B1B-4D1D-9644-26533848055E}.AppStore|ARM.ActiveCfg = Release|Any CPU
		{B7C8FAEF-2B1B-4D1D-9644-26533848055E}.AppStore|ARM.Build.0 = Release|Any CPU
		{B7C8FAEF-2B1B-4D1D-9644-26533848055E}.AppStore|iPhone.ActiveCfg = Release|Any CPU
		{B7C8FAEF-2B1B-4D1D-9644-26533848055E}.AppStore|iPhone.Build.0 = Release|Any CPU
		{B7C8FAEF-2B1B-4D1D-9644-26533848055E}.AppStore|iPhoneSimulator.ActiveCfg = Release|Any CPU
		{B7C8FAEF-2B1B-4D1D-9644-26533848055E}.AppStore|iPhoneSimulator.Build.0 = Release|Any CPU
		{B7C8FAEF-2B1B-4D1D-9644-26533848055E}.AppStore|x64.ActiveCfg = Release|Any CPU
		{B7C8FAEF-2B1B-4D1D-9644-26533848055E}.AppStore|x64.Build.0 = Release|Any CPU
		{B7C8FAEF-2B1B-4D1D-9644-26533848055E}.AppStore|x86.ActiveCfg = Release|Any CPU
		{B7C8FAEF-2B1B-4D1D-9644-26533848055E}.AppStore|x86.Build.0 = Release|Any CPU
		{B7C8FAEF-2B1B-4D1D-9644-26533848055E}.Debug|Any CPU.ActiveCfg = Debug|Any CPU
		{B7C8FAEF-2B1B-4D1D-9644-26533848055E}.Debug|Any CPU.Build.0 = Debug|Any CPU
		{B7C8FAEF-2B1B-4D1D-9644-26533848055E}.Debug|ARM.ActiveCfg = Debug|Any CPU
		{B7C8FAEF-2B1B-4D1D-9644-26533848055E}.Debug|ARM.Build.0 = Debug|Any CPU
		{B7C8FAEF-2B1B-4D1D-9644-26533848055E}.Debug|iPhone.ActiveCfg = Debug|Any CPU
		{B7C8FAEF-2B1B-4D1D-9644-26533848055E}.Debug|iPhone.Build.0 = Debug|Any CPU
		{B7C8FAEF-2B1B-4D1D-9644-26533848055E}.Debug|iPhoneSimulator.ActiveCfg = Debug|Any CPU
		{B7C8FAEF-2B1B-4D1D-9644-26533848055E}.Debug|iPhoneSimulator.Build.0 = Debug|Any CPU
		{B7C8FAEF-2B1B-4D1D-9644-26533848055E}.Debug|x64.ActiveCfg = Debug|Any CPU
		{B7C8FAEF-2B1B-4D1D-9644-26533848055E}.Debug|x64.Build.0 = Debug|Any CPU
		{B7C8FAEF-2B1B-4D1D-9644-26533848055E}.Debug|x86.ActiveCfg = Debug|Any CPU
		{B7C8FAEF-2B1B-4D1D-9644-26533848055E}.Debug|x86.Build.0 = Debug|Any CPU
		{B7C8FAEF-2B1B-4D1D-9644-26533848055E}.Release|Any CPU.ActiveCfg = Release|Any CPU
		{B7C8FAEF-2B1B-4D1D-9644-26533848055E}.Release|Any CPU.Build.0 = Release|Any CPU
		{B7C8FAEF-2B1B-4D1D-9644-26533848055E}.Release|ARM.ActiveCfg = Release|Any CPU
		{B7C8FAEF-2B1B-4D1D-9644-26533848055E}.Release|ARM.Build.0 = Release|Any CPU
		{B7C8FAEF-2B1B-4D1D-9644-26533848055E}.Release|iPhone.ActiveCfg = Release|Any CPU
		{B7C8FAEF-2B1B-4D1D-9644-26533848055E}.Release|iPhone.Build.0 = Release|Any CPU
		{B7C8FAEF-2B1B-4D1D-9644-26533848055E}.Release|iPhoneSimulator.ActiveCfg = Release|Any CPU
		{B7C8FAEF-2B1B-4D1D-9644-26533848055E}.Release|iPhoneSimulator.Build.0 = Release|Any CPU
		{B7C8FAEF-2B1B-4D1D-9644-26533848055E}.Release|x64.ActiveCfg = Release|Any CPU
		{B7C8FAEF-2B1B-4D1D-9644-26533848055E}.Release|x64.Build.0 = Release|Any CPU
		{B7C8FAEF-2B1B-4D1D-9644-26533848055E}.Release|x86.ActiveCfg = Release|Any CPU
		{B7C8FAEF-2B1B-4D1D-9644-26533848055E}.Release|x86.Build.0 = Release|Any CPU
	EndGlobalSection
	GlobalSection(SolutionProperties) = preSolution
		HideSolutionNode = FALSE
	EndGlobalSection
EndGlobal
